
Microsoft Visual Studio Solution File, Format Version 12.00
# Visual Studio 15
VisualStudioVersion = 15.0.27428.2005
MinimumVisualStudioVersion = 10.0.40219.1
Project("{FAE04EC0-301F-11D3-BF4B-00C04F79EFBC}") = "BrownUniversity", "BrownUniversity\BrownUniversity.csproj", "{9A031001-93E1-4248-9994-1C3B469ACEEB}"
EndProject
Global
	GlobalSection(SolutionConfigurationPlatforms) = preSolution
		Debug|Any CPU = Debug|Any CPU
		Release|Any CPU = Release|Any CPU
	EndGlobalSection
	GlobalSection(ProjectConfigurationPlatforms) = postSolution
		{9A031001-93E1-4248-9994-1C3B469ACEEB}.Debug|Any CPU.ActiveCfg = Debug|Any CPU
		{9A031001-93E1-4248-9994-1C3B469ACEEB}.Debug|Any CPU.Build.0 = Debug|Any CPU
		{9A031001-93E1-4248-9994-1C3B469ACEEB}.Release|Any CPU.ActiveCfg = Release|Any CPU
		{9A031001-93E1-4248-9994-1C3B469ACEEB}.Release|Any CPU.Build.0 = Release|Any CPU
	EndGlobalSection
	GlobalSection(SolutionProperties) = preSolution
		HideSolutionNode = FALSE
	EndGlobalSection
	GlobalSection(ExtensibilityGlobals) = postSolution
		SolutionGuid = {4FEF7073-36BF-48BE-9248-BFAAA93903ED}
	EndGlobalSection
EndGlobal
